{
  "name": "@niyang-es/notify",
  "version": "1.0.8",
  "lockfileVersion": 1,
  "requires": true,
  "dependencies": {
    "@niyang-es/toolkit": {
      "version": "1.0.8",
      "resolved": "https://registry.npmjs.org/@niyang-es/toolkit/-/toolkit-1.0.8.tgz",
      "integrity": "sha512-8oqSL4FzE18mXcKd3q6W5m8MMMSAbfDDbgCsNhw+c2HB+vBF2/Gn79S49O9PsJiirytYvqhQNi47Lr5XOkEoAA==",
      "dev": true
    },
    "typescript": {
      "version": "4.0.5",
      "resolved": "https://registry.npmjs.org/typescript/-/typescript-4.0.5.tgz",
      "integrity": "sha512-ywmr/VrTVCmNTJ6iV2LwIrfG1P+lv6luD8sUJs+2eI9NLGigaN+nUQc13iHqisq7bra9lnmUSYqbJvegraBOPQ==",
      "dev": true
    }
  }
}
