{
  "name": "@niyang-es/iroll",
  "version": "0.0.2",
  "lockfileVersion": 1,
  "requires": true,
  "dependencies": {
    "@niyang-es/notify": {
      "version": "0.0.1",
      "resolved": "https://registry.npmjs.org/@niyang-es/notify/-/notify-0.0.1.tgz",
      "integrity": "sha512-2URDqj/XZ2N4gAY+xHEx8ppKQ2VqTC2jLwJDK3qFaxldQpjvq1UTr7PwjLvgjsj6/ZoCo8aKx4E6vp2p4nu7CQ=="
    },
    "@niyang-es/toolkit": {
      "version": "0.1.4",
      "resolved": "https://registry.npmjs.org/@niyang-es/toolkit/-/toolkit-0.1.4.tgz",
      "integrity": "sha512-dp81QAI1rFhFEI23I38yXsZNgZ76Li+faxJk9yipeyg8hM8i0MSZBkWoN3Ee+YCjLmQwVeWtoaO41Dp3GlcFPg=="
    },
    "typescript": {
      "version": "4.0.3",
      "resolved": "https://registry.npmjs.org/typescript/-/typescript-4.0.3.tgz",
      "integrity": "sha512-tEu6DGxGgRJPb/mVPIZ48e69xCn2yRmCgYmDugAVwmJ6o+0u1RI18eO7E7WBTLYLaEVVOhwQmcdhQHweux/WPg==",
      "dev": true
    }
  }
}
